{
  "- label: \"7.1\"\nslug: \"7_1\"": [
    {
      "file": ".structuredmerge/kettle-jem.yml",
      "lines": [
        260,
        278
      ]
    }
  ],
  "- label: \"8.0\"\nslug: \"8_0\"": [
    {
      "file": ".structuredmerge/kettle-jem.yml",
      "lines": [
        286,
        292
      ]
    }
  ],
  "exec_cmd: \"kettle-test\"\nrubygems: latest": [
    {
      "file": ".github/workflows/current.yml",
      "lines": [
        43,
        49
      ]
    }
  ],
  "gem \"json\", \">= 1.7.7\", \"~> 1.7\"\n#   gem \"rspec-rails\", \"~> 3.0\" # For Rails 4": [
    {
      "file": "Appraisals",
      "lines": [
        199,
        210
      ]
    }
  ],
  "gem \"nokogiri\"\n#   gem \"rspec-rails\", \"~> 4.0\" # For Rails 5.0 & 5.1": [
    {
      "file": "Appraisals",
      "lines": [
        231,
        241
      ]
    }
  ],
  "slug: \"7_1\"\nrequirement: \"~> 7.1.5\"": [
    {
      "file": ".structuredmerge/kettle-jem.yml",
      "lines": [
        261,
        279
      ]
    }
  ],
  "slug: \"8_0\"\nrequirement: \"~> 8.0.0\"": [
    {
      "file": ".structuredmerge/kettle-jem.yml",
      "lines": [
        287,
        293
      ]
    }
  ]
}
