{
  "- label: \"8.0\"\nslug: \"8_0\"": [
    {
      "file": ".structuredmerge/kettle-jem.yml",
      "lines": [
        274,
        280,
        286
      ]
    }
  ],
  "RAILS_MAJOR_MINOR: \"8.0\"\n- label: \"8.0\"": [
    {
      "file": ".structuredmerge/kettle-jem.yml",
      "lines": [
        279,
        285
      ]
    }
  ],
  "gem \"json\", \">= 1.7.7\", \"~> 1.7\"\n#   gem \"rspec-rails\", \"~> 3.0\" # For Rails 4": [
    {
      "file": "Appraisals",
      "lines": [
        198,
        209
      ]
    }
  ],
  "gem \"nokogiri\"\n#   gem \"rspec-rails\", \"~> 4.0\" # For Rails 5.0 & 5.1": [
    {
      "file": "Appraisals",
      "lines": [
        230,
        240
      ]
    }
  ],
  "slug: \"8_0\"\nrequirement: \"~> 8.0.0\"": [
    {
      "file": ".structuredmerge/kettle-jem.yml",
      "lines": [
        275,
        281,
        287
      ]
    }
  ]
}
