{
  "gemfiles/modular/templating.gemfile:155879869": [
    [15, 3, 47, "Bundler/DuplicatedGem: Gem `tree_sitter_language_pack` requirements already given on line 11 of the Gemfile.", 3843603197]
  ],
  "spec/sanitize_email/coverage_surface_spec.rb:2960820455": [
    [9, 16, 33, "RSpec/DescribeClass: The first argument to describe should be the class or module being tested.", 2285626838],
    [41, 17, 8, "RSpec/VariableName: Use snake_case for variable names.", 1595945059]
  ]
}
