{
  "README.md:1685430983": [
    [160, 9, 15, "Lint/LtsRuby/UnavailableMethod: Matrix/Vector#[]= is unavailable before Ruby 2.6.", 3638972974],
    [161, 9, 14, "Lint/LtsRuby/UnavailableMethod: Matrix/Vector#[]= is unavailable before Ruby 2.6.", 1337598380]
  ],
  "Rakefile:1438028197": [
    [58, 70, 6, "Lint/LtsRuby/UnavailableMethod: Pathname#empty? is unavailable before Ruby 2.4.", 1165546895],
    [73, 8, 4, "Lint/LtsRuby/UnavailableMethod: Enumerable/Enumerator::Lazy#uniq is unavailable before Ruby 2.4.", 2087995782]
  ],
  "bin/checksums:2906467651": [
    [24, 51, 6, "Lint/LtsRuby/UnavailableMethod: Pathname#empty? is unavailable before Ruby 2.4.", 1165546895]
  ],
  "gemfiles/modular/coverage_local.gemfile:2661471746": [
    [19, 27, 4, "Lint/LtsRuby/UnavailableMethod: Symbol#name is unavailable before Ruby 3.0.", 2087876002],
    [37, 101, 4, "Lint/LtsRuby/UnavailableMethod: Symbol#name is unavailable before Ruby 3.0.", 2087876002],
    [46, 5, 5, "Lint/LtsRuby/UnavailableMethod: Thread#fetch is unavailable before Ruby 2.5.", 171106201],
    [49, 31, 4, "Lint/LtsRuby/UnavailableMethod: Symbol#name is unavailable before Ruby 3.0.", 2087876002]
  ],
  "gemfiles/modular/documentation_local.gemfile:3227795705": [
    [19, 27, 4, "Lint/LtsRuby/UnavailableMethod: Symbol#name is unavailable before Ruby 3.0.", 2087876002]
  ],
  "gemfiles/modular/style_local.gemfile:3577728394": [
    [22, 27, 4, "Lint/LtsRuby/UnavailableMethod: Symbol#name is unavailable before Ruby 3.0.", 2087876002]
  ],
  "gemfiles/modular/templating.gemfile:960605653": [
    [6, 39, 4, "Lint/LtsRuby/UnavailableMethod: Set#to_s is unavailable before Ruby 2.5.", 2087961426],
    [7, 28, 6, "Lint/LtsRuby/UnavailableMethod: Pathname#empty? is unavailable before Ruby 2.4.", 1165546895],
    [8, 40, 4, "Lint/LtsRuby/UnavailableMethod: Set#to_s is unavailable before Ruby 2.5.", 2087961426],
    [8, 45, 6, "Lint/LtsRuby/UnavailableMethod: Pathname#empty? is unavailable before Ruby 2.4.", 1165546895],
    [11, 35, 4, "Lint/LtsRuby/UnavailableMethod: Set#to_s is unavailable before Ruby 2.5.", 2087961426],
    [11, 40, 6, "Lint/LtsRuby/UnavailableMethod: Pathname#empty? is unavailable before Ruby 2.4.", 1165546895]
  ],
  "gemfiles/modular/templating_local.gemfile:1318235891": [
    [20, 27, 4, "Lint/LtsRuby/UnavailableMethod: Symbol#name is unavailable before Ruby 3.0.", 2087876002],
    [85, 101, 4, "Lint/LtsRuby/UnavailableMethod: Symbol#name is unavailable before Ruby 3.0.", 2087876002],
    [94, 5, 5, "Lint/LtsRuby/UnavailableMethod: Thread#fetch is unavailable before Ruby 2.5.", 171106201],
    [97, 31, 4, "Lint/LtsRuby/UnavailableMethod: Symbol#name is unavailable before Ruby 3.0.", 2087876002]
  ],
  "lib/sanitize_email/bleach.rb:2454577877": [
    [30, 16, 20, "Lint/LtsRuby/UnavailableMethod: Matrix/Vector#[]= is unavailable before Ruby 2.6.", 2612455686],
    [31, 16, 20, "Lint/LtsRuby/UnavailableMethod: Matrix/Vector#[]= is unavailable before Ruby 2.6.", 2612455686],
    [92, 39, 6, "Lint/LtsRuby/UnavailableMethod: Pathname#empty? is unavailable before Ruby 2.4.", 1165546895]
  ],
  "lib/sanitize_email/config.rb:4211152782": [
    [83, 20, 18, "Lint/LtsRuby/UnavailableMethod: Matrix/Vector#[]= is unavailable before Ruby 2.6.", 173597468],
    [89, 20, 15, "Lint/LtsRuby/UnavailableMethod: Matrix/Vector#[]= is unavailable before Ruby 2.6.", 3638972974]
  ],
  "lib/sanitize_email/mail_header_tools.rb:3249593383": [
    [13, 19, 2, "Lint/LtsRuby/UnavailableMethod: Method/Proc#<< is unavailable before Ruby 2.6.", 5859461],
    [17, 19, 2, "Lint/LtsRuby/UnavailableMethod: Method/Proc#<< is unavailable before Ruby 2.6.", 5859461],
    [21, 17, 2, "Lint/LtsRuby/UnavailableMethod: Method/Proc#<< is unavailable before Ruby 2.6.", 5859461],
    [21, 38, 6, "Lint/LtsRuby/UnavailableMethod: Pathname#empty? is unavailable before Ruby 2.4.", 1165546895],
    [26, 40, 4, "Lint/LtsRuby/UnavailableMethod: Set#join is unavailable before Ruby 3.0.", 2088000679],
    [31, 59, 4, "Lint/LtsRuby/UnavailableMethod: Set#to_s is unavailable before Ruby 2.5.", 2087961426],
    [33, 54, 4, "Lint/LtsRuby/UnavailableMethod: Set#to_s is unavailable before Ruby 2.5.", 2087961426],
    [38, 37, 4, "Lint/LtsRuby/UnavailableMethod: Enumerable/Enumerator::Lazy#uniq is unavailable before Ruby 2.4.", 2087995782],
    [38, 42, 4, "Lint/LtsRuby/UnavailableMethod: Set#join is unavailable before Ruby 3.0.", 2088000679],
    [69, 42, 1, "Lint/LtsRuby/UnavailableMethod: Enumerator#+ is unavailable before Ruby 2.6.", 177550],
    [79, 23, 1, "Lint/LtsRuby/UnavailableMethod: Enumerator#+ is unavailable before Ruby 2.6.", 177550],
    [81, 25, 16, "Lint/LtsRuby/UnavailableMethod: Matrix/Vector#[]= is unavailable before Ruby 2.6.", 3039504791],
    [81, 49, 4, "Lint/LtsRuby/UnavailableMethod: Set#to_s is unavailable before Ruby 2.5.", 2087961426]
  ],
  "lib/sanitize_email/overridden_addresses.rb:991522739": [
    [60, 89, 1, "Lint/LtsRuby/UnavailableMethod: Enumerator#+ is unavailable before Ruby 2.6.", 177550],
    [60, 103, 1, "Lint/LtsRuby/UnavailableMethod: Enumerator#+ is unavailable before Ruby 2.6.", 177550],
    [60, 119, 6, "Lint/LtsRuby/UnavailableMethod: Pathname#empty? is unavailable before Ruby 2.4.", 1165546895],
    [73, 80, 6, "Lint/LtsRuby/UnavailableMethod: Pathname#empty? is unavailable before Ruby 2.4.", 1165546895],
    [79, 10, 4, "Lint/LtsRuby/UnavailableMethod: Set#join is unavailable before Ruby 3.0.", 2088000679],
    [83, 45, 4, "Lint/LtsRuby/UnavailableMethod: Set#join is unavailable before Ruby 3.0.", 2088000679],
    [87, 46, 4, "Lint/LtsRuby/UnavailableMethod: Set#join is unavailable before Ruby 3.0.", 2088000679],
    [95, 61, 4, "Lint/LtsRuby/UnavailableMethod: Set#join is unavailable before Ruby 3.0.", 2088000679],
    [98, 61, 4, "Lint/LtsRuby/UnavailableMethod: Set#join is unavailable before Ruby 3.0.", 2088000679],
    [101, 64, 4, "Lint/LtsRuby/UnavailableMethod: Set#join is unavailable before Ruby 3.0.", 2088000679],
    [114, 35, 6, "Lint/LtsRuby/UnavailableMethod: Pathname#empty? is unavailable before Ruby 2.4.", 1165546895],
    [119, 45, 6, "Lint/LtsRuby/UnavailableMethod: Pathname#empty? is unavailable before Ruby 2.4.", 1165546895],
    [125, 40, 6, "Lint/LtsRuby/UnavailableMethod: Pathname#empty? is unavailable before Ruby 2.4.", 1165546895],
    [163, 16, 2, "Lint/LtsRuby/UnavailableMethod: Method/Proc#<< is unavailable before Ruby 2.6.", 5859461],
    [172, 11, 7, "Lint/LtsRuby/UnavailableMethod: Enumerable/Enumerator::Lazy#compact is unavailable before Ruby 3.1.", 3711215938],
    [172, 19, 4, "Lint/LtsRuby/UnavailableMethod: Enumerable/Enumerator::Lazy#uniq is unavailable before Ruby 2.4.", 2087995782]
  ],
  "lib/sanitize_email/rspec_matchers.rb:91357905": [
    [18, 29, 4, "Lint/LtsRuby/UnavailableMethod: Set#join is unavailable before Ruby 3.0.", 2088000679],
    [28, 29, 4, "Lint/LtsRuby/UnavailableMethod: Set#join is unavailable before Ruby 3.0.", 2088000679],
    [38, 29, 4, "Lint/LtsRuby/UnavailableMethod: Set#join is unavailable before Ruby 3.0.", 2088000679],
    [106, 41, 4, "Lint/LtsRuby/UnavailableMethod: Set#to_s is unavailable before Ruby 2.5.", 2087961426]
  ],
  "lib/sanitize_email/test_helpers.rb:2317094893": [
    [30, 29, 4, "Lint/LtsRuby/UnavailableMethod: Set#join is unavailable before Ruby 3.0.", 2088000679]
  ],
  "sanitize_email.gemspec:4230012821": [
    [47, 24, 9, "Lint/LtsRuby/UnavailableMethod: Symbol#end_with? is unavailable before Ruby 2.7.", 308216808],
    [53, 16, 16, "Lint/LtsRuby/UnavailableMethod: Matrix/Vector#[]= is unavailable before Ruby 2.6.", 3147164910],
    [54, 16, 19, "Lint/LtsRuby/UnavailableMethod: Matrix/Vector#[]= is unavailable before Ruby 2.6.", 279056797],
    [55, 16, 17, "Lint/LtsRuby/UnavailableMethod: Matrix/Vector#[]= is unavailable before Ruby 2.6.", 4196512528],
    [56, 16, 19, "Lint/LtsRuby/UnavailableMethod: Matrix/Vector#[]= is unavailable before Ruby 2.6.", 3960302181],
    [57, 16, 21, "Lint/LtsRuby/UnavailableMethod: Matrix/Vector#[]= is unavailable before Ruby 2.6.", 2359681088],
    [57, 78, 4, "Lint/LtsRuby/UnavailableMethod: Symbol#name is unavailable before Ruby 3.0.", 2087876002],
    [58, 16, 15, "Lint/LtsRuby/UnavailableMethod: Matrix/Vector#[]= is unavailable before Ruby 2.6.", 1629595435],
    [59, 16, 12, "Lint/LtsRuby/UnavailableMethod: Matrix/Vector#[]= is unavailable before Ruby 2.6.", 2962383854],
    [60, 16, 12, "Lint/LtsRuby/UnavailableMethod: Matrix/Vector#[]= is unavailable before Ruby 2.6.", 3248034781],
    [60, 71, 4, "Lint/LtsRuby/UnavailableMethod: Symbol#name is unavailable before Ruby 3.0.", 2087876002],
    [61, 16, 15, "Lint/LtsRuby/UnavailableMethod: Matrix/Vector#[]= is unavailable before Ruby 2.6.", 1397552598],
    [62, 16, 20, "Lint/LtsRuby/UnavailableMethod: Matrix/Vector#[]= is unavailable before Ruby 2.6.", 2025055014],
    [63, 16, 25, "Lint/LtsRuby/UnavailableMethod: Matrix/Vector#[]= is unavailable before Ruby 2.6.", 1727630048],
    [75, 13, 2, "Lint/LtsRuby/UnavailableMethod: Method/Proc#<< is unavailable before Ruby 2.6.", 5859461],
    [100, 13, 4, "Lint/LtsRuby/UnavailableMethod: Symbol#name is unavailable before Ruby 3.0.", 2087876002]
  ],
  "spec/sanitize_email/coverage_surface_spec.rb:2960820455": [
    [9, 16, 33, "RSpec/DescribeClass: The first argument to describe should be the class or module being tested.", 2285626838],
    [41, 17, 8, "RSpec/VariableName: Use snake_case for variable names.", 1595945059]
  ],
  "spec/support/sanitizer_spec_helpers.rb:2157278813": [
    [27, 33, 14, "Lint/LtsRuby/UnavailableMethod: Matrix/Vector#[]= is unavailable before Ruby 2.6.", 1337598380],
    [41, 13, 9, "Lint/LtsRuby/UnavailableMethod: Matrix/Vector#[]= is unavailable before Ruby 2.6.", 3745773014],
    [42, 13, 14, "Lint/LtsRuby/UnavailableMethod: Matrix/Vector#[]= is unavailable before Ruby 2.6.", 1337598380],
    [43, 13, 18, "Lint/LtsRuby/UnavailableMethod: Matrix/Vector#[]= is unavailable before Ruby 2.6.", 173597468],
    [44, 13, 15, "Lint/LtsRuby/UnavailableMethod: Matrix/Vector#[]= is unavailable before Ruby 2.6.", 3638972974],
    [45, 13, 15, "Lint/LtsRuby/UnavailableMethod: Matrix/Vector#[]= is unavailable before Ruby 2.6.", 3638956917],
    [46, 13, 16, "Lint/LtsRuby/UnavailableMethod: Matrix/Vector#[]= is unavailable before Ruby 2.6.", 4121491479],
    [47, 13, 40, "Lint/LtsRuby/UnavailableMethod: Matrix/Vector#[]= is unavailable before Ruby 2.6.", 819542969],
    [48, 13, 46, "Lint/LtsRuby/UnavailableMethod: Matrix/Vector#[]= is unavailable before Ruby 2.6.", 1976156160],
    [49, 13, 42, "Lint/LtsRuby/UnavailableMethod: Matrix/Vector#[]= is unavailable before Ruby 2.6.", 981041423],
    [50, 13, 12, "Lint/LtsRuby/UnavailableMethod: Matrix/Vector#[]= is unavailable before Ruby 2.6.", 4063282375],
    [51, 13, 11, "Lint/LtsRuby/UnavailableMethod: Matrix/Vector#[]= is unavailable before Ruby 2.6.", 2649882435],
    [54, 13, 21, "Lint/LtsRuby/UnavailableMethod: Matrix/Vector#[]= is unavailable before Ruby 2.6.", 1745588749],
    [55, 13, 23, "Lint/LtsRuby/UnavailableMethod: Matrix/Vector#[]= is unavailable before Ruby 2.6.", 1322042333],
    [56, 13, 17, "Lint/LtsRuby/UnavailableMethod: Matrix/Vector#[]= is unavailable before Ruby 2.6.", 2109539916],
    [62, 13, 15, "Lint/LtsRuby/UnavailableMethod: Matrix/Vector#[]= is unavailable before Ruby 2.6.", 3638972974],
    [68, 13, 15, "Lint/LtsRuby/UnavailableMethod: Matrix/Vector#[]= is unavailable before Ruby 2.6.", 3638956917],
    [69, 13, 16, "Lint/LtsRuby/UnavailableMethod: Matrix/Vector#[]= is unavailable before Ruby 2.6.", 4121491479],
    [71, 13, 18, "Lint/LtsRuby/UnavailableMethod: Matrix/Vector#[]= is unavailable before Ruby 2.6.", 173597468],
    [72, 13, 40, "Lint/LtsRuby/UnavailableMethod: Matrix/Vector#[]= is unavailable before Ruby 2.6.", 819542969],
    [73, 13, 46, "Lint/LtsRuby/UnavailableMethod: Matrix/Vector#[]= is unavailable before Ruby 2.6.", 1976156160],
    [74, 13, 42, "Lint/LtsRuby/UnavailableMethod: Matrix/Vector#[]= is unavailable before Ruby 2.6.", 981041423],
    [173, 19, 20, "Lint/LtsRuby/UnavailableMethod: Matrix/Vector#[]= is unavailable before Ruby 2.6.", 2612455686]
  ]
}
